{
  "name": "godpowers",
  "version": "2.4.1",
  "lockfileVersion": 3,
  "requires": true,
  "packages": {
    "": {
      "name": "godpowers",
      "version": "2.4.1",
      "license": "MIT",
      "bin": {
        "godpowers": "bin/install.js"
      },
      "engines": {
        "node": ">=18.0.0"
      }
    }
  }
}
